// !$*UTF8*$!
{
	archiveVersion = 1;
	classes = {
	};
	objectVersion = 50;
	objects = {

/* Begin PBXBuildFile section */
		A1578E9D23996601009EAB0C /* WhatEvaSaysViewController.swift in Sources */ = {isa = PBXBuildFile; fileRef = A1578E9C23996601009EAB0C /* WhatEvaSaysViewController.swift */; };
		A1722A3B239AB6E000302272 /* EvaSpeaks.swift in Sources */ = {isa = PBXBuildFile; fileRef = A1722A3A239AB6E000302272 /* EvaSpeaks.swift */; };
		A1EAA6ED2396F51700A405A3 /* AppDelegate.swift in Sources */ = {isa = PBXBuildFile; fileRef = A1EAA6EC2396F51700A405A3 /* AppDelegate.swift */; };
		A1EAA6EF2396F51700A405A3 /* SceneDelegate.swift in Sources */ = {isa = PBXBuildFile; fileRef = A1EAA6EE2396F51700A405A3 /* SceneDelegate.swift */; };
		A1EAA6F12396F51700A405A3 /* ViewController.swift in Sources */ = {isa = PBXBuildFile; fileRef = A1EAA6F02396F51700A405A3 /* ViewController.swift */; };
		A1EAA6F42396F51700A405A3 /* Main.storyboard in Resources */ = {isa = PBXBuildFile; fileRef = A1EAA6F22396F51700A405A3 /* Main.storyboard */; };
		A1EAA6F62396F51900A405A3 /* Assets.xcassets in Resources */ = {isa = PBXBuildFile; fileRef = A1EAA6F52396F51900A405A3 /* Assets.xcassets */; };
		A1EAA6F92396F51900A405A3 /* LaunchScreen.storyboard in Resources */ = {isa = PBXBuildFile; fileRef = A1EAA6F72396F51900A405A3 /* LaunchScreen.storyboard */; };
/* End PBXBuildFile section */

/* Begin PBXFileReference section */
		A1578E9C23996601009EAB0C /* WhatEvaSaysViewController.swift */ = {isa = PBXFileReference; lastKnownFileType = sourcecode.swift; path = WhatEvaSaysViewController.swift; sourceTree = "<group>"; };
		A1722A3A239AB6E000302272 /* EvaSpeaks.swift */ = {isa = PBXFileReference; lastKnownFileType = sourcecode.swift; path = EvaSpeaks.swift; sourceTree = "<group>"; };
		A1EAA6E92396F51700A405A3 /* Magic 8 Ball.app */ = {isa = PBXFileReference; explicitFileType = wrapper.application; includeInIndex = 0; path = "Magic 8 Ball.app"; sourceTree = BUILT_PRODUCTS_DIR; };
		A1EAA6EC2396F51700A405A3 /* AppDelegate.swift */ = {isa = PBXFileReference; lastKnownFileType = sourcecode.swift; path = AppDelegate.swift; sourceTree = "<group>"; };
		A1EAA6EE2396F51700A405A3 /* SceneDelegate.swift */ = {isa = PBXFileReference; lastKnownFileType = sourcecode.swift; path = SceneDelegate.swift; sourceTree = "<group>"; };
		A1EAA6F02396F51700A405A3 /* ViewController.swift */ = {isa = PBXFileReference; lastKnownFileType = sourcecode.swift; path = ViewController.swift; sourceTree = "<group>"; };
		A1EAA6F32396F51700A405A3 /* Base */ = {isa = PBXFileReference; lastKnownFileType = file.storyboard; name = Base; path = Base.lproj/Main.storyboard; sourceTree = "<group>"; };
		A1EAA6F52396F51900A405A3 /* Assets.xcassets */ = {isa = PBXFileReference; lastKnownFileType = folder.assetcatalog; path = Assets.xcassets; sourceTree = "<group>"; };
		A1EAA6F82396F51900A405A3 /* Base */ = {isa = PBXFileReference; lastKnownFileType = file.storyboard; name = Base; path = Base.lproj/LaunchScreen.storyboard; sourceTree = "<group>"; };
		A1EAA6FA2396F51900A405A3 /* Info.plist */ = {isa = PBXFileReference; lastKnownFileType = text.plist.xml; path = Info.plist; sourceTree = "<group>"; };
/* End PBXFileReference section */

/* Begin PBXFrameworksBuildPhase section */
		A1EAA6E62396F51700A405A3 /* Frameworks */ = {
			isa = PBXFrameworksBuildPhase;
			buildActionMask = 2147483647;
			files = (
			);
			runOnlyForDeploymentPostprocessing = 0;
		};
/* End PBXFrameworksBuildPhase section */

/* Begin PBXGroup section */
		A1EAA6E02396F51700A405A3 = {
			isa = PBXGroup;
			children = (
				A1EAA6EB2396F51700A405A3 /* Magic 8 Ball */,
				A1EAA6EA2396F51700A405A3 /* Products */,
			);
			sourceTree = "<group>";
		};
		A1EAA6EA2396F51700A405A3 /* Products */ = {
			isa = PBXGroup;
			children = (
				A1EAA6E92396F51700A405A3 /* Magic 8 Ball.app */,
			);
			name = Products;
			sourceTree = "<group>";
		};
		A1EAA6EB2396F51700A405A3 /* Magic 8 Ball */ = {
			isa = PBXGroup;
			children = (
				A1EAA6EC2396F51700A405A3 /* AppDelegate.swift */,
				A1EAA6EE2396F51700A405A3 /* SceneDelegate.swift */,
				A1EAA6F02396F51700A405A3 /* ViewController.swift */,
				A1EAA6F22396F51700A405A3 /* Main.storyboard */,
				A1722A3A239AB6E000302272 /* EvaSpeaks.swift */,
				A1578E9C23996601009EAB0C /* WhatEvaSaysViewController.swift */,
				A1EAA6F52396F51900A405A3 /* Assets.xcassets */,
				A1EAA6F72396F51900A405A3 /* LaunchScreen.storyboard */,
				A1EAA6FA2396F51900A405A3 /* Info.plist */,
			);
			path = "Magic 8 Ball";
			sourceTree = "<group>";
		};
/* End PBXGroup section */

/* Begin PBXNativeTarget section */
		A1EAA6E82396F51700A405A3 /* Magic 8 Ball */ = {
			isa = PBXNativeTarget;
			buildConfigurationList = A1EAA6FD2396F51900A405A3 /* Build configuration list for PBXNativeTarget "Magic 8 Ball" */;
			buildPhases = (
				A1EAA6E52396F51700A405A3 /* Sources */,
				A1EAA6E62396F51700A405A3 /* Frameworks */,
				A1EAA6E72396F51700A405A3 /* Resources */,
			);
			buildRules = (
			);
			dependencies = (
			);
			name = "Magic 8 Ball";
			productName = "Magic 8 Ball";
			productReference = A1EAA6E92396F51700A405A3 /* Magic 8 Ball.app */;
			productType = "com.apple.product-type.application";
		};
/* End PBXNativeTarget section */

/* Begin PBXProject section */
		A1EAA6E12396F51700A405A3 /* Project object */ = {
			isa = PBXProject;
			attributes = {
				LastSwiftUpdateCheck = 1120;
				LastUpgradeCheck = 1120;
				ORGANIZATIONNAME = "Lena Rotteveel";
				TargetAttributes = {
					A1EAA6E82396F51700A405A3 = {
						CreatedOnToolsVersion = 11.2;
					};
				};
			};
			buildConfigurationList = A1EAA6E42396F51700A405A3 /* Build configuration list for PBXProject "Magic 8 Ball" */;
			compatibilityVersion = "Xcode 9.3";
			developmentRegion = en;
			hasScannedForEncodings = 0;
			knownRegions = (
				en,
				Base,
			);
			mainGroup = A1EAA6E02396F51700A405A3;
			productRefGroup = A1EAA6EA2396F51700A405A3 /* Products */;
			projectDirPath = "";
			projectRoot = "";
			targets = (
				A1EAA6E82396F51700A405A3 /* Magic 8 Ball */,
			);
		};
/* End PBXProject section */

/* Begin PBXResourcesBuildPhase section */
		A1EAA6E72396F51700A405A3 /* Resources */ = {
			isa = PBXResourcesBuildPhase;
			buildActionMask = 2147483647;
			files = (
				A1EAA6F92396F51900A405A3 /* LaunchScreen.storyboard in Resources */,
				A1EAA6F62396F51900A405A3 /* Assets.xcassets in Resources */,
				A1EAA6F42396F51700A405A3 /* Main.storyboard in Resources */,
			);
			runOnlyForDeploymentPostprocessing = 0;
		};
/* End PBXResourcesBuildPhase section */

/* Begin PBXSourcesBuildPhase section */
		A1EAA6E52396F51700A405A3 /* Sources */ = {
			isa = PBXSourcesBuildPhase;
			buildActionMask = 2147483647;
			files = (
				A1EAA6F12396F51700A405A3 /* ViewController.swift in Sources */,
				A1722A3B239AB6E000302272 /* EvaSpeaks.swift in Sources */,
				A1578E9D23996601009EAB0C /* WhatEvaSaysViewController.swift in Sources */,
				A1EAA6ED2396F51700A405A3 /* AppDelegate.swift in Sources */,
				A1EAA6EF2396F51700A405A3 /* SceneDelegate.swift in Sources */,
			);
			runOnlyForDeploymentPostprocessing = 0;
		};
/* End PBXSourcesBuildPhase section */

/* Begin PBXVariantGroup section */
		A1EAA6F22396F51700A405A3 /* Main.storyboard */ = {
			isa = PBXVariantGroup;
			children = (
				A1EAA6F32396F51700A405A3 /* Base */,
			);
			name = Main.storyboard;
			sourceTree = "<group>";
		};
		A1EAA6F72396F51900A405A3 /* LaunchScreen.storyboard */ = {
			isa = PBXVariantGroup;
			children = (
				A1EAA6F82396F51900A405A3 /* Base */,
			);
			name = LaunchScreen.storyboard;
			sourceTree = "<group>";
		};
/* End PBXVariantGroup section */

/* Begin XCBuildConfiguration section */
		A1EAA6FB2396F51900A405A3 /* Debug */ = {
			isa = XCBuildConfiguration;
			buildSettings = {
				ALWAYS_SEARCH_USER_PATHS = NO;
				CLANG_ANALYZER_NONNULL = YES;
				CLANG_ANALYZER_NUMBER_OBJECT_CONVERSION = YES_AGGRESSIVE;
				CLANG_CXX_LANGUAGE_STANDARD = "gnu++14";
				CLANG_CXX_LIBRARY = "libc++";
				CLANG_ENABLE_MODULES = YES;
				CLANG_ENABLE_OBJC_ARC = YES;
				CLANG_ENABLE_OBJC_WEAK = YES;
				CLANG_WARN_BLOCK_CAPTURE_AUTORELEASING = YES;
				CLANG_WARN_BOOL_CONVERSION = YES;
				CLANG_WARN_COMMA = YES;
				CLANG_WARN_CONSTANT_CONVERSION = YES;
				CLANG_WARN_DEPRECATED_OBJC_IMPLEMENTATIONS = YES;
				CLANG_WARN_DIRECT_OBJC_ISA_USAGE = YES_ERROR;
				CLANG_WARN_DOCUMENTATION_COMMENTS = YES;
				CLANG_WARN_EMPTY_BODY = YES;
				CLANG_WARN_ENUM_CONVERSION = YES;
				CLANG_WARN_INFINITE_RECURSION = YES;
				CLANG_WARN_INT_CONVERSION = YES;
				CLANG_WARN_NON_LITERAL_NULL_CONVERSION = YES;
				CLANG_WARN_OBJC_IMPLICIT_RETAIN_SELF = YES;
				CLANG_WARN_OBJC_LITERAL_CONVERSION = YES;
				CLANG_WARN_OBJC_ROOT_CLASS = YES_ERROR;
				CLANG_WARN_RANGE_LOOP_ANALYSIS = YES;
				CLANG_WARN_STRICT_PROTOTYPES = YES;
				CLANG_WARN_SUSPICIOUS_MOVE = YES;
				CLANG_WARN_UNGUARDED_AVAILABILITY = YES_AGGRESSIVE;
				CLANG_WARN_UNREACHABLE_CODE = YES;
				CLANG_WARN__DUPLICATE_METHOD_MATCH = YES;
				COPY_PHASE_STRIP = NO;
				DEBUG_INFORMATION_FORMAT = dwarf;
				ENABLE_STRICT_OBJC_MSGSEND = YES;
				ENABLE_TESTABILITY = YES;
				GCC_C_LANGUAGE_STANDARD = gnu11;
				GCC_DYNAMIC_NO_PIC = NO;
				GCC_NO_COMMON_BLOCKS = YES;
				GCC_OPTIMIZATION_LEVEL = 0;
				GCC_PREPROCESSOR_DEFINITIONS = (
					"DEBUG=1",
					"$(inherited)",
				);
				GCC_WARN_64_TO_32_BIT_CONVERSION = YES;
				GCC_WARN_ABOUT_RETURN_TYPE = YES_ERROR;
				GCC_WARN_UNDECLARED_SELECTOR = YES;
				GCC_WARN_UNINITIALIZED_AUTOS = YES_AGGRESSIVE;
				GCC_WARN_UNUSED_FUNCTION = YES;
				GCC_WARN_UNUSED_VARIABLE = YES;
				IPHONEOS_DEPLOYMENT_TARGET = 13.2;
				MTL_ENABLE_DEBUG_INFO = INCLUDE_SOURCE;
				MTL_FAST_MATH = YES;
				ONLY_ACTIVE_ARCH = YES;
				SDKROOT = iphoneos;
				SWIFT_ACTIVE_COMPILATION_CONDITIONS = DEBUG;
				SWIFT_OPTIMIZATION_LEVEL = "-Onone";
			};
			name = Debug;
		};
		A1EAA6FC2396F51900A405A3 /* Release */ = {
			isa = XCBuildConfiguration;
			buildSettings = {
				ALWAYS_SEARCH_USER_PATHS = NO;
				CLANG_ANALYZER_NONNULL = YES;
				CLANG_ANALYZER_NUMBER_OBJECT_CONVERSION = YES_AGGRESSIVE;
				CLANG_CXX_LANGUAGE_STANDARD = "gnu++14";
				CLANG_CXX_LIBRARY = "libc++";
				CLANG_ENABLE_MODULES = YES;
				CLANG_ENABLE_OBJC_ARC = YES;
				CLANG_ENABLE_OBJC_WEAK = YES;
				CLANG_WARN_BLOCK_CAPTURE_AUTORELEASING = YES;
				CLANG_WARN_BOOL_CONVERSION = YES;
				CLANG_WARN_COMMA = YES;
				CLANG_WARN_CONSTANT_CONVERSION = YES;
				CLANG_WARN_DEPRECATED_OBJC_IMPLEMENTATIONS = YES;
				CLANG_WARN_DIRECT_OBJC_ISA_USAGE = YES_ERROR;
				CLANG_WARN_DOCUMENTATION_COMMENTS = YES;
				CLANG_WARN_EMPTY_BODY = YES;
				CLANG_WARN_ENUM_CONVERSION = YES;
				CLANG_WARN_INFINITE_RECURSION = YES;
				CLANG_WARN_INT_CONVERSION = YES;
				CLANG_WARN_NON_LITERAL_NULL_CONVERSION = YES;
				CLANG_WARN_OBJC_IMPLICIT_RETAIN_SELF = YES;
				CLANG_WARN_OBJC_LITERAL_CONVERSION = YES;
				CLANG_WARN_OBJC_ROOT_CLASS = YES_ERROR;
				CLANG_WARN_RANGE_LOOP_ANALYSIS = YES;
				CLANG_WARN_STRICT_PROTOTYPES = YES;
				CLANG_WARN_SUSPICIOUS_MOVE = YES;
				CLANG_WARN_UNGUARDED_AVAILABILITY = YES_AGGRESSIVE;
				CLANG_WARN_UNREACHABLE_CODE = YES;
				CLANG_WARN__DUPLICATE_METHOD_MATCH = YES;
				COPY_PHASE_STRIP = NO;
				DEBUG_INFORMATION_FORMAT = "dwarf-with-dsym";
				ENABLE_NS_ASSERTIONS = NO;
				ENABLE_STRICT_OBJC_MSGSEND = YES;
				GCC_C_LANGUAGE_STANDARD = gnu11;
				GCC_NO_COMMON_BLOCKS = YES;
				GCC_WARN_64_TO_32_BIT_CONVERSION = YES;
				GCC_WARN_ABOUT_RETURN_TYPE = YES_ERROR;
				GCC_WARN_UNDECLARED_SELECTOR = YES;
				GCC_WARN_UNINITIALIZED_AUTOS = YES_AGGRESSIVE;
				GCC_WARN_UNUSED_FUNCTION = YES;
				GCC_WARN_UNUSED_VARIABLE = YES;
				IPHONEOS_DEPLOYMENT_TARGET = 13.2;
				MTL_ENABLE_DEBUG_INFO = NO;
				MTL_FAST_MATH = YES;
				SDKROOT = iphoneos;
				SWIFT_COMPILATION_MODE = wholemodule;
				SWIFT_OPTIMIZATION_LEVEL = "-O";
				VALIDATE_PRODUCT = YES;
			};
			name = Release;
		};
		A1EAA6FE2396F51900A405A3 /* Debug */ = {
			isa = XCBuildConfiguration;
			buildSettings = {
				ASSETCATALOG_COMPILER_APPICON_NAME = AppIcon;
				CODE_SIGN_STYLE = Automatic;
				INFOPLIST_FILE = "Magic 8 Ball/Info.plist";
				LD_RUNPATH_SEARCH_PATHS = (
					"$(inherited)",
					"@executable_path/Frameworks",
				);
				PRODUCT_BUNDLE_IDENTIFIER = "Zorro.Magic-8-Ball";
				PRODUCT_NAME = "$(TARGET_NAME)";
				SWIFT_VERSION = 5.0;
				TARGETED_DEVICE_FAMILY = "1,2";
			};
			name = Debug;
		};
		A1EAA6FF2396F51900A405A3 /* Release */ = {
			isa = XCBuildConfiguration;
			buildSettings = {
				ASSETCATALOG_COMPILER_APPICON_NAME = AppIcon;
				CODE_SIGN_STYLE = Automatic;
				INFOPLIST_FILE = "Magic 8 Ball/Info.plist";
				LD_RUNPATH_SEARCH_PATHS = (
					"$(inherited)",
					"@executable_path/Frameworks",
				);
				PRODUCT_BUNDLE_IDENTIFIER = "Zorro.Magic-8-Ball";
				PRODUCT_NAME = "$(TARGET_NAME)";
				SWIFT_VERSION = 5.0;
				TARGETED_DEVICE_FAMILY = "1,2";
			};
			name = Release;
		};
/* End XCBuildConfiguration section */

/* Begin XCConfigurationList section */
		A1EAA6E42396F51700A405A3 /* Build configuration list for PBXProject "Magic 8 Ball" */ = {
			isa = XCConfigurationList;
			buildConfigurations = (
				A1EAA6FB2396F51900A405A3 /* Debug */,
				A1EAA6FC2396F51900A405A3 /* Release */,
			);
			defaultConfigurationIsVisible = 0;
			defaultConfigurationName = Release;
		};
		A1EAA6FD2396F51900A405A3 /* Build configuration list for PBXNativeTarget "Magic 8 Ball" */ = {
			isa = XCConfigurationList;
			buildConfigurations = (
				A1EAA6FE2396F51900A405A3 /* Debug */,
				A1EAA6FF2396F51900A405A3 /* Release */,
			);
			defaultConfigurationIsVisible = 0;
			defaultConfigurationName = Release;
		};
/* End XCConfigurationList section */
	};
	rootObject = A1EAA6E12396F51700A405A3 /* Project object */;
}
